lockfileVersion: 5.3

specifiers:
  gitbook-cli: ^2.3.2

devDependencies:
  gitbook-cli: 2.3.2

packages:

  /bash-color/0.0.4:
    resolution: {integrity: sha1-6b6M4zVAytpIgXaMWb1jhlc26RM=}
    dev: true

  /commander/2.11.0:
    resolution: {integrity: sha512-b0553uYA5YAEGgyYIGYROzKQ7X5RAqedkfjiZxwi0kL1g3bOaBNNZfYkzt/CL0umgD5wc9Jec2FbB98CjkMRvQ==}
    dev: true

  /fs-extra/3.0.1:
    resolution: {integrity: sha1-N5TzeMWLNC6n27sjCVEJxLO2IpE=}
    dependencies:
      graceful-fs: 4.2.9
      jsonfile: 3.0.1
      universalify: 0.1.2
    dev: true

  /gitbook-cli/2.3.2:
    resolution: {integrity: sha512-eyGtkY7jKHhmgpfuvgAP5fZcUob/FBz4Ld0aLRdEmiTrS1RklimN9epzPp75dd4MWpGhYvSbiwxnpyLiv1wh6A==}
    hasBin: true
    dependencies:
      bash-color: 0.0.4
      commander: 2.11.0
      fs-extra: 3.0.1
      lodash: 4.17.4
      npm: 5.1.0
      npmi: 1.0.1
      optimist: 0.6.1
      q: 1.5.0
      semver: 5.3.0
      tmp: 0.0.31
      user-home: 2.0.0
    dev: true

  /graceful-fs/4.2.9:
    resolution: {integrity: sha512-NtNxqUcXgpW2iMrfqSfR73Glt39K+BLwWsPs94yR63v45T0Wbej7eRmL5cWfwEgqXnmjQp3zaJTshdRW/qC2ZQ==}
    dev: true

  /jsonfile/3.0.1:
    resolution: {integrity: sha1-pezG9l9T9mLEQVx2daAzHQmS7GY=}
    optionalDependencies:
      graceful-fs: 4.2.9
    dev: true

  /lodash/4.17.4:
    resolution: {integrity: sha1-eCA6TRwyiuHYbcpkYONptX9AVa4=}
    dev: true

  /minimist/0.0.10:
    resolution: {integrity: sha1-3j+YVD2/lggr5IrRoMfNqDYwHc8=}
    dev: true

  /npm/2.15.12:
    resolution: {integrity: sha1-33w+1aJ3w/nUtdgZsFMR0QogCuY=}
    hasBin: true
    dev: true
    bundledDependencies:
      - abbrev
      - ansi
      - ansi-regex
      - ansicolors
      - ansistyles
      - archy
      - async-some
      - block-stream
      - char-spinner
      - chmodr
      - chownr
      - cmd-shim
      - columnify
      - config-chain
      - dezalgo
      - editor
      - fs-vacuum
      - fs-write-stream-atomic
      - fstream
      - fstream-npm
      - github-url-from-git
      - github-url-from-username-repo
      - glob
      - graceful-fs
      - hosted-git-info
      - imurmurhash
      - inflight
      - inherits
      - ini
      - init-package-json
      - lockfile
      - lru-cache
      - minimatch
      - mkdirp
      - node-gyp
      - nopt
      - normalize-git-url
      - normalize-package-data
      - npm-cache-filename
      - npm-install-checks
      - npm-package-arg
      - npm-registry-client
      - npm-user-validate
      - npmlog
      - once
      - opener
      - osenv
      - path-is-inside
      - read
      - read-installed
      - read-package-json
      - readable-stream
      - realize-package-specifier
      - request
      - retry
      - rimraf
      - semver
      - sha
      - slide
      - sorted-object
      - spdx-license-ids
      - strip-ansi
      - tar
      - text-table
      - uid-number
      - umask
      - validate-npm-package-license
      - validate-npm-package-name
      - which
      - wrappy
      - write-file-atomic

  /npm/5.1.0:
    resolution: {integrity: sha512-pt5ClxEmY/dLpb60SmGQQBKi3nB6Ljx1FXmpoCUdAULlGqGVn2uCyXxPCWFbcuHGthT7qGiaGa1wOfs/UjGYMw==}
    hasBin: true
    dev: true
    bundledDependencies:
      - abbrev
      - ansi-regex
      - ansicolors
      - ansistyles
      - aproba
      - archy
      - cacache
      - call-limit
      - bluebird
      - chownr
      - cmd-shim
      - columnify
      - config-chain
      - debuglog
      - detect-indent
      - dezalgo
      - editor
      - fs-vacuum
      - fs-write-stream-atomic
      - fstream
      - fstream-npm
      - glob
      - graceful-fs
      - has-unicode
      - hosted-git-info
      - iferr
      - imurmurhash
      - inflight
      - inherits
      - ini
      - init-package-json
      - JSONStream
      - lazy-property
      - lockfile
      - lodash._baseindexof
      - lodash._baseuniq
      - lodash._bindcallback
      - lodash._cacheindexof
      - lodash._createcache
      - lodash._getnative
      - lodash.clonedeep
      - lodash.restparam
      - lodash.union
      - lodash.uniq
      - lodash.without
      - lru-cache
      - mkdirp
      - mississippi
      - move-concurrently
      - node-gyp
      - nopt
      - normalize-package-data
      - npm-cache-filename
      - npm-install-checks
      - npm-package-arg
      - npm-registry-client
      - npm-user-validate
      - npmlog
      - once
      - opener
      - osenv
      - pacote
      - path-is-inside
      - promise-inflight
      - read
      - read-cmd-shim
      - read-installed
      - read-package-json
      - read-package-tree
      - readable-stream
      - readdir-scoped-modules
      - request
      - retry
      - rimraf
      - semver
      - sha
      - slide
      - sorted-object
      - sorted-union-stream
      - ssri
      - strip-ansi
      - tar
      - text-table
      - uid-number
      - umask
      - unique-filename
      - unpipe
      - update-notifier
      - uuid
      - validate-npm-package-license
      - validate-npm-package-name
      - which
      - wrappy
      - write-file-atomic
      - safe-buffer
      - worker-farm

  /npmi/1.0.1:
    resolution: {integrity: sha1-FddpJzVHVF5oCdzwzhiu1IsCkOI=}
    dependencies:
      npm: 2.15.12
      semver: 4.3.6
    dev: true

  /optimist/0.6.1:
    resolution: {integrity: sha1-2j6nRob6IaGaERwybpDrFaAZZoY=}
    dependencies:
      minimist: 0.0.10
      wordwrap: 0.0.3
    dev: true

  /os-homedir/1.0.2:
    resolution: {integrity: sha1-/7xJiDNuDoM94MFox+8VISGqf7M=}
    engines: {node: '>=0.10.0'}
    dev: true

  /os-tmpdir/1.0.2:
    resolution: {integrity: sha1-u+Z0BseaqFxc/sdm/lc0VV36EnQ=}
    engines: {node: '>=0.10.0'}
    dev: true

  /q/1.5.0:
    resolution: {integrity: sha1-3QG6ydBtMObyGa7LglPunr3DCPE=}
    engines: {node: '>=0.6.0', teleport: '>=0.2.0'}
    dev: true

  /semver/4.3.6:
    resolution: {integrity: sha1-MAvG4OhjdPe6YQaLWx7NV/xlMto=}
    hasBin: true
    dev: true

  /semver/5.3.0:
    resolution: {integrity: sha1-myzl094C0XxgEq0yaqa00M9U+U8=}
    hasBin: true
    dev: true

  /tmp/0.0.31:
    resolution: {integrity: sha1-jzirlDjhcxXl29izZX6L+yd65Kc=}
    engines: {node: '>=0.4.0'}
    dependencies:
      os-tmpdir: 1.0.2
    dev: true

  /universalify/0.1.2:
    resolution: {integrity: sha512-rBJeI5CXAlmy1pV+617WB9J63U6XcazHHF2f2dbJix4XzpUF0RS3Zbj0FGIOCAva5P/d/GBOYaACQ1w+0azUkg==}
    engines: {node: '>= 4.0.0'}
    dev: true

  /user-home/2.0.0:
    resolution: {integrity: sha1-nHC/2Babwdy/SGBODwS4tJzenp8=}
    engines: {node: '>=0.10.0'}
    dependencies:
      os-homedir: 1.0.2
    dev: true

  /wordwrap/0.0.3:
    resolution: {integrity: sha1-o9XabNXAvAAI03I0u68b7WMFkQc=}
    engines: {node: '>=0.4.0'}
    dev: true
